// !$*UTF8*$!
{
	archiveVersion = 1;
	classes = {
	};
	objectVersion = 50;
	objects = {

/* Begin PBXBuildFile section */
		381F78A4237443B80026AD05 /* AppDelegate.m in Sources */ = {isa = PBXBuildFile; fileRef = 381F78A3237443B80026AD05 /* AppDelegate.m */; };
		381F78A7237443B80026AD05 /* SceneDelegate.m in Sources */ = {isa = PBXBuildFile; fileRef = 381F78A6237443B80026AD05 /* SceneDelegate.m */; };
		381F78AA237443B80026AD05 /* ViewController.m in Sources */ = {isa = PBXBuildFile; fileRef = 381F78A9237443B80026AD05 /* ViewController.m */; };
		381F78AD237443B80026AD05 /* Main.storyboard in Resources */ = {isa = PBXBuildFile; fileRef = 381F78AB237443B80026AD05 /* Main.storyboard */; };
		381F78AF237443BA0026AD05 /* Assets.xcassets in Resources */ = {isa = PBXBuildFile; fileRef = 381F78AE237443BA0026AD05 /* Assets.xcassets */; };
		381F78B2237443BA0026AD05 /* LaunchScreen.storyboard in Resources */ = {isa = PBXBuildFile; fileRef = 381F78B0237443BA0026AD05 /* LaunchScreen.storyboard */; };
		381F78B5237443BA0026AD05 /* main.m in Sources */ = {isa = PBXBuildFile; fileRef = 381F78B4237443BA0026AD05 /* main.m */; };
/* End PBXBuildFile section */

/* Begin PBXFileReference section */
		381F789F237443B80026AD05 /* SMSMSMS.app */ = {isa = PBXFileReference; explicitFileType = wrapper.application; includeInIndex = 0; path = SMSMSMS.app; sourceTree = BUILT_PRODUCTS_DIR; };
		381F78A2237443B80026AD05 /* AppDelegate.h */ = {isa = PBXFileReference; lastKnownFileType = sourcecode.c.h; path = AppDelegate.h; sourceTree = "<group>"; };
		381F78A3237443B80026AD05 /* AppDelegate.m */ = {isa = PBXFileReference; lastKnownFileType = sourcecode.c.objc; path = AppDelegate.m; sourceTree = "<group>"; };
		381F78A5237443B80026AD05 /* SceneDelegate.h */ = {isa = PBXFileReference; lastKnownFileType = sourcecode.c.h; path = SceneDelegate.h; sourceTree = "<group>"; };
		381F78A6237443B80026AD05 /* SceneDelegate.m */ = {isa = PBXFileReference; lastKnownFileType = sourcecode.c.objc; path = SceneDelegate.m; sourceTree = "<group>"; };
		381F78A8237443B80026AD05 /* ViewController.h */ = {isa = PBXFileReference; lastKnownFileType = sourcecode.c.h; path = ViewController.h; sourceTree = "<group>"; };
		381F78A9237443B80026AD05 /* ViewController.m */ = {isa = PBXFileReference; lastKnownFileType = sourcecode.c.objc; path = ViewController.m; sourceTree = "<group>"; };
		381F78AC237443B80026AD05 /* Base */ = {isa = PBXFileReference; lastKnownFileType = file.storyboard; name = Base; path = Base.lproj/Main.storyboard; sourceTree = "<group>"; };
		381F78AE237443BA0026AD05 /* Assets.xcassets */ = {isa = PBXFileReference; lastKnownFileType = folder.assetcatalog; path = Assets.xcassets; sourceTree = "<group>"; };
		381F78B1237443BA0026AD05 /* Base */ = {isa = PBXFileReference; lastKnownFileType = file.storyboard; name = Base; path = Base.lproj/LaunchScreen.storyboard; sourceTree = "<group>"; };
		381F78B3237443BA0026AD05 /* Info.plist */ = {isa = PBXFileReference; lastKnownFileType = text.plist.xml; path = Info.plist; sourceTree = "<group>"; };
		381F78B4237443BA0026AD05 /* main.m */ = {isa = PBXFileReference; lastKnownFileType = sourcecode.c.objc; path = main.m; sourceTree = "<group>"; };
/* End PBXFileReference section */

/* Begin PBXFrameworksBuildPhase section */
		381F789C237443B80026AD05 /* Frameworks */ = {
			isa = PBXFrameworksBuildPhase;
			buildActionMask = 2147483647;
			files = (
			);
			runOnlyForDeploymentPostprocessing = 0;
		};
/* End PBXFrameworksBuildPhase section */

/* Begin PBXGroup section */
		381F7896237443B80026AD05 = {
			isa = PBXGroup;
			children = (
				381F78A1237443B80026AD05 /* SMSMSMS */,
				381F78A0237443B80026AD05 /* Products */,
			);
			sourceTree = "<group>";
		};
		381F78A0237443B80026AD05 /* Products */ = {
			isa = PBXGroup;
			children = (
				381F789F237443B80026AD05 /* SMSMSMS.app */,
			);
			name = Products;
			sourceTree = "<group>";
		};
		381F78A1237443B80026AD05 /* SMSMSMS */ = {
			isa = PBXGroup;
			children = (
				381F78A2237443B80026AD05 /* AppDelegate.h */,
				381F78A3237443B80026AD05 /* AppDelegate.m */,
				381F78A5237443B80026AD05 /* SceneDelegate.h */,
				381F78A6237443B80026AD05 /* SceneDelegate.m */,
				381F78A8237443B80026AD05 /* ViewController.h */,
				381F78A9237443B80026AD05 /* ViewController.m */,
				381F78AB237443B80026AD05 /* Main.storyboard */,
				381F78AE237443BA0026AD05 /* Assets.xcassets */,
				381F78B0237443BA0026AD05 /* LaunchScreen.storyboard */,
				381F78B3237443BA0026AD05 /* Info.plist */,
				381F78B4237443BA0026AD05 /* main.m */,
			);
			path = SMSMSMS;
			sourceTree = "<group>";
		};
/* End PBXGroup section */

/* Begin PBXNativeTarget section */
		381F789E237443B80026AD05 /* SMSMSMS */ = {
			isa = PBXNativeTarget;
			buildConfigurationList = 381F78B8237443BA0026AD05 /* Build configuration list for PBXNativeTarget "SMSMSMS" */;
			buildPhases = (
				381F789B237443B80026AD05 /* Sources */,
				381F789C237443B80026AD05 /* Frameworks */,
				381F789D237443B80026AD05 /* Resources */,
			);
			buildRules = (
			);
			dependencies = (
			);
			name = SMSMSMS;
			productName = SMSMSMS;
			productReference = 381F789F237443B80026AD05 /* SMSMSMS.app */;
			productType = "com.apple.product-type.application";
		};
/* End PBXNativeTarget section */

/* Begin PBXProject section */
		381F7897237443B80026AD05 /* Project object */ = {
			isa = PBXProject;
			attributes = {
				LastUpgradeCheck = 1110;
				ORGANIZATIONNAME = icon;
				TargetAttributes = {
					381F789E237443B80026AD05 = {
						CreatedOnToolsVersion = 11.1;
					};
				};
			};
			buildConfigurationList = 381F789A237443B80026AD05 /* Build configuration list for PBXProject "SMSMSMS" */;
			compatibilityVersion = "Xcode 9.3";
			developmentRegion = en;
			hasScannedForEncodings = 0;
			knownRegions = (
				en,
				Base,
			);
			mainGroup = 381F7896237443B80026AD05;
			productRefGroup = 381F78A0237443B80026AD05 /* Products */;
			projectDirPath = "";
			projectRoot = "";
			targets = (
				381F789E237443B80026AD05 /* SMSMSMS */,
			);
		};
/* End PBXProject section */

/* Begin PBXResourcesBuildPhase section */
		381F789D237443B80026AD05 /* Resources */ = {
			isa = PBXResourcesBuildPhase;
			buildActionMask = 2147483647;
			files = (
				381F78B2237443BA0026AD05 /* LaunchScreen.storyboard in Resources */,
				381F78AF237443BA0026AD05 /* Assets.xcassets in Resources */,
				381F78AD237443B80026AD05 /* Main.storyboard in Resources */,
			);
			runOnlyForDeploymentPostprocessing = 0;
		};
/* End PBXResourcesBuildPhase section */

/* Begin PBXSourcesBuildPhase section */
		381F789B237443B80026AD05 /* Sources */ = {
			isa = PBXSourcesBuildPhase;
			buildActionMask = 2147483647;
			files = (
				381F78AA237443B80026AD05 /* ViewController.m in Sources */,
				381F78A4237443B80026AD05 /* AppDelegate.m in Sources */,
				381F78B5237443BA0026AD05 /* main.m in Sources */,
				381F78A7237443B80026AD05 /* SceneDelegate.m in Sources */,
			);
			runOnlyForDeploymentPostprocessing = 0;
		};
/* End PBXSourcesBuildPhase section */

/* Begin PBXVariantGroup section */
		381F78AB237443B80026AD05 /* Main.storyboard */ = {
			isa = PBXVariantGroup;
			children = (
				381F78AC237443B80026AD05 /* Base */,
			);
			name = Main.storyboard;
			sourceTree = "<group>";
		};
		381F78B0237443BA0026AD05 /* LaunchScreen.storyboard */ = {
			isa = PBXVariantGroup;
			children = (
				381F78B1237443BA0026AD05 /* Base */,
			);
			name = LaunchScreen.storyboard;
			sourceTree = "<group>";
		};
/* End PBXVariantGroup section */

/* Begin XCBuildConfiguration section */
		381F78B6237443BA0026AD05 /* Debug */ = {
			isa = XCBuildConfiguration;
			buildSettings = {
				ALWAYS_SEARCH_USER_PATHS = NO;
				CLANG_ANALYZER_NONNULL = YES;
				CLANG_ANALYZER_NUMBER_OBJECT_CONVERSION = YES_AGGRESSIVE;
				CLANG_CXX_LANGUAGE_STANDARD = "gnu++14";
				CLANG_CXX_LIBRARY = "libc++";
				CLANG_ENABLE_MODULES = YES;
				CLANG_ENABLE_OBJC_ARC = YES;
				CLANG_ENABLE_OBJC_WEAK = YES;
				CLANG_WARN_BLOCK_CAPTURE_AUTORELEASING = YES;
				CLANG_WARN_BOOL_CONVERSION = YES;
				CLANG_WARN_COMMA = YES;
				CLANG_WARN_CONSTANT_CONVERSION = YES;
				CLANG_WARN_DEPRECATED_OBJC_IMPLEMENTATIONS = YES;
				CLANG_WARN_DIRECT_OBJC_ISA_USAGE = YES_ERROR;
				CLANG_WARN_DOCUMENTATION_COMMENTS = YES;
				CLANG_WARN_EMPTY_BODY = YES;
				CLANG_WARN_ENUM_CONVERSION = YES;
				CLANG_WARN_INFINITE_RECURSION = YES;
				CLANG_WARN_INT_CONVERSION = YES;
				CLANG_WARN_NON_LITERAL_NULL_CONVERSION = YES;
				CLANG_WARN_OBJC_IMPLICIT_RETAIN_SELF = YES;
				CLANG_WARN_OBJC_LITERAL_CONVERSION = YES;
				CLANG_WARN_OBJC_ROOT_CLASS = YES_ERROR;
				CLANG_WARN_RANGE_LOOP_ANALYSIS = YES;
				CLANG_WARN_STRICT_PROTOTYPES = YES;
				CLANG_WARN_SUSPICIOUS_MOVE = YES;
				CLANG_WARN_UNGUARDED_AVAILABILITY = YES_AGGRESSIVE;
				CLANG_WARN_UNREACHABLE_CODE = YES;
				CLANG_WARN__DUPLICATE_METHOD_MATCH = YES;
				COPY_PHASE_STRIP = NO;
				DEBUG_INFORMATION_FORMAT = dwarf;
				ENABLE_STRICT_OBJC_MSGSEND = YES;
				ENABLE_TESTABILITY = YES;
				GCC_C_LANGUAGE_STANDARD = gnu11;
				GCC_DYNAMIC_NO_PIC = NO;
				GCC_NO_COMMON_BLOCKS = YES;
				GCC_OPTIMIZATION_LEVEL = 0;
				GCC_PREPROCESSOR_DEFINITIONS = (
					"DEBUG=1",
					"$(inherited)",
				);
				GCC_WARN_64_TO_32_BIT_CONVERSION = YES;
				GCC_WARN_ABOUT_RETURN_TYPE = YES_ERROR;
				GCC_WARN_UNDECLARED_SELECTOR = YES;
				GCC_WARN_UNINITIALIZED_AUTOS = YES_AGGRESSIVE;
				GCC_WARN_UNUSED_FUNCTION = YES;
				GCC_WARN_UNUSED_VARIABLE = YES;
				IPHONEOS_DEPLOYMENT_TARGET = 13.1;
				MTL_ENABLE_DEBUG_INFO = INCLUDE_SOURCE;
				MTL_FAST_MATH = YES;
				ONLY_ACTIVE_ARCH = YES;
				SDKROOT = iphoneos;
			};
			name = Debug;
		};
		381F78B7237443BA0026AD05 /* Release */ = {
			isa = XCBuildConfiguration;
			buildSettings = {
				ALWAYS_SEARCH_USER_PATHS = NO;
				CLANG_ANALYZER_NONNULL = YES;
				CLANG_ANALYZER_NUMBER_OBJECT_CONVERSION = YES_AGGRESSIVE;
				CLANG_CXX_LANGUAGE_STANDARD = "gnu++14";
				CLANG_CXX_LIBRARY = "libc++";
				CLANG_ENABLE_MODULES = YES;
				CLANG_ENABLE_OBJC_ARC = YES;
				CLANG_ENABLE_OBJC_WEAK = YES;
				CLANG_WARN_BLOCK_CAPTURE_AUTORELEASING = YES;
				CLANG_WARN_BOOL_CONVERSION = YES;
				CLANG_WARN_COMMA = YES;
				CLANG_WARN_CONSTANT_CONVERSION = YES;
				CLANG_WARN_DEPRECATED_OBJC_IMPLEMENTATIONS = YES;
				CLANG_WARN_DIRECT_OBJC_ISA_USAGE = YES_ERROR;
				CLANG_WARN_DOCUMENTATION_COMMENTS = YES;
				CLANG_WARN_EMPTY_BODY = YES;
				CLANG_WARN_ENUM_CONVERSION = YES;
				CLANG_WARN_INFINITE_RECURSION = YES;
				CLANG_WARN_INT_CONVERSION = YES;
				CLANG_WARN_NON_LITERAL_NULL_CONVERSION = YES;
				CLANG_WARN_OBJC_IMPLICIT_RETAIN_SELF = YES;
				CLANG_WARN_OBJC_LITERAL_CONVERSION = YES;
				CLANG_WARN_OBJC_ROOT_CLASS = YES_ERROR;
				CLANG_WARN_RANGE_LOOP_ANALYSIS = YES;
				CLANG_WARN_STRICT_PROTOTYPES = YES;
				CLANG_WARN_SUSPICIOUS_MOVE = YES;
				CLANG_WARN_UNGUARDED_AVAILABILITY = YES_AGGRESSIVE;
				CLANG_WARN_UNREACHABLE_CODE = YES;
				CLANG_WARN__DUPLICATE_METHOD_MATCH = YES;
				COPY_PHASE_STRIP = NO;
				DEBUG_INFORMATION_FORMAT = "dwarf-with-dsym";
				ENABLE_NS_ASSERTIONS = NO;
				ENABLE_STRICT_OBJC_MSGSEND = YES;
				GCC_C_LANGUAGE_STANDARD = gnu11;
				GCC_NO_COMMON_BLOCKS = YES;
				GCC_WARN_64_TO_32_BIT_CONVERSION = YES;
				GCC_WARN_ABOUT_RETURN_TYPE = YES_ERROR;
				GCC_WARN_UNDECLARED_SELECTOR = YES;
				GCC_WARN_UNINITIALIZED_AUTOS = YES_AGGRESSIVE;
				GCC_WARN_UNUSED_FUNCTION = YES;
				GCC_WARN_UNUSED_VARIABLE = YES;
				IPHONEOS_DEPLOYMENT_TARGET = 13.1;
				MTL_ENABLE_DEBUG_INFO = NO;
				MTL_FAST_MATH = YES;
				SDKROOT = iphoneos;
				VALIDATE_PRODUCT = YES;
			};
			name = Release;
		};
		381F78B9237443BA0026AD05 /* Debug */ = {
			isa = XCBuildConfiguration;
			buildSettings = {
				ASSETCATALOG_COMPILER_APPICON_NAME = AppIcon;
				CODE_SIGN_STYLE = Automatic;
				INFOPLIST_FILE = SMSMSMS/Info.plist;
				LD_RUNPATH_SEARCH_PATHS = (
					"$(inherited)",
					"@executable_path/Frameworks",
				);
				PRODUCT_BUNDLE_IDENTIFIER = usa.icon.SMSMSMS;
				PRODUCT_NAME = "$(TARGET_NAME)";
				TARGETED_DEVICE_FAMILY = "1,2";
			};
			name = Debug;
		};
		381F78BA237443BA0026AD05 /* Release */ = {
			isa = XCBuildConfiguration;
			buildSettings = {
				ASSETCATALOG_COMPILER_APPICON_NAME = AppIcon;
				CODE_SIGN_STYLE = Automatic;
				INFOPLIST_FILE = SMSMSMS/Info.plist;
				LD_RUNPATH_SEARCH_PATHS = (
					"$(inherited)",
					"@executable_path/Frameworks",
				);
				PRODUCT_BUNDLE_IDENTIFIER = usa.icon.SMSMSMS;
				PRODUCT_NAME = "$(TARGET_NAME)";
				TARGETED_DEVICE_FAMILY = "1,2";
			};
			name = Release;
		};
/* End XCBuildConfiguration section */

/* Begin XCConfigurationList section */
		381F789A237443B80026AD05 /* Build configuration list for PBXProject "SMSMSMS" */ = {
			isa = XCConfigurationList;
			buildConfigurations = (
				381F78B6237443BA0026AD05 /* Debug */,
				381F78B7237443BA0026AD05 /* Release */,
			);
			defaultConfigurationIsVisible = 0;
			defaultConfigurationName = Release;
		};
		381F78B8237443BA0026AD05 /* Build configuration list for PBXNativeTarget "SMSMSMS" */ = {
			isa = XCConfigurationList;
			buildConfigurations = (
				381F78B9237443BA0026AD05 /* Debug */,
				381F78BA237443BA0026AD05 /* Release */,
			);
			defaultConfigurationIsVisible = 0;
			defaultConfigurationName = Release;
		};
/* End XCConfigurationList section */
	};
	rootObject = 381F7897237443B80026AD05 /* Project object */;
}
